github.com/blocky/nitrite v0.0.2-0.20241022160405-a6f5b6da1e50 h1:2FljsqJccrmLbiSVTqhXB6wGQPfXHhs95pFfIw96BEM=
github.com/blocky/nitrite v0.0.2-0.20241022160405-a6f5b6da1e50/go.mod h1:LOeI8mZWTQMpgvP6oWMyOG9p77kCC5NBB0nSVR08TA8=
github.com/davecgh/go-spew v1.1.1 h1:vj9j/u1bqnvCEfJOwUhtlOARqs3+rkHYY13jYWTU97c=
github.com/davecgh/go-spew v1.1.1/go.mod h1:J7Y8YcW2NihsgmVo/mv3lAwl/skON4iLHjSsI+c5H38=
github.com/edgelesssys/ego v1.7.2 h1:m1rPkrQBlVycE7ofzbijaZlZFUIUVwhGIYKks5FdLxU=
github.com/edgelesssys/ego v1.7.2/go.mod h1:MkciSCrXddC6YYsmUTXeoQwFsbs17ncR3KKB+Ul3uRM=
github.com/fxamacker/cbor/v2 v2.6.0 h1:sU6J2usfADwWlYDAFhZBQ6TnLFBHxgesMrQfQgk1tWA=
github.com/fxamacker/cbor/v2 v2.6.0/go.mod h1:pxXPTn3joSm21Gbwsv0w9OSA2y1HFR9qXEeXQVeNoDQ=
github.com/go-jose/go-jose/v4 v4.0.5 h1:M6T8+mKZl/+fNNuFHvGIzDz7BTLQPIounk/b9dw3AaE=
github.com/go-jose/go-jose/v4 v4.0.5/go.mod h1:s3P1lRrkT8igV8D9OjyL4WRyHvjB6a4JSllnOrmmBOA=
github.com/google/go-cmp v0.6.0 h1:ofyhxvXcZhMsU5ulbFiLKl/XBFqE1GSq7atu8tAmTRI=
github.com/google/go-cmp v0.6.0/go.mod h1:17dUlkBOakJ0+DkrSSNjCkIjxS6bF9zb3elmeNGIjoY=
github.com/pmezard/go-difflib v1.0.0 h1:4DBwDE0NGyQoBHbLQYPwSUPoCMWR5BEzIk/f1lZbAQM=
github.com/pmezard/go-difflib v1.0.0/go.mod h1:iKH77koFhYxTK1pcRnkKkqfTogsbg7gZNVY4sRDYZ/4=
github.com/rs/cors v1.11.1 h1:eU3gRzXLRK57F5rKMGMZURNdIG4EoAmX8k94r9wXWHA=
github.com/rs/cors v1.11.1/go.mod h1:XyqrcTp5zjWr1wsJ8PIRZssZ8b/WMcMf71DJnit4EMU=
github.com/stretchr/objx v0.5.2 h1:xuMeJ0Sdp5ZMRXx/aWO6RZxdr3beISkG5/G/aIRr3pY=
github.com/stretchr/objx v0.5.2/go.mod h1:FRsXN1f5AsAjCGJKqEizvkpNtU+EGNCLh3NxZ/8L+MA=
github.com/stretchr/testify v1.10.0 h1:Xv5erBjTwe/5IxqUQTdXv5kgmIvbHo3QQyRwhJsOfJA=
github.com/stretchr/testify v1.10.0/go.mod h1:r2ic/lqez/lEtzL7wO/rwa5dbSLXVDPFyf8C91i36aY=
github.com/tetratelabs/wazero v1.8.1 h1:NrcgVbWfkWvVc4UtT4LRLDf91PsOzDzefMdwhLfA550=
github.com/tetratelabs/wazero v1.8.1/go.mod h1:yAI0XTsMBhREkM/YDAK/zNou3GoiAce1P6+rp/wQhjs=
github.com/venture23-aleo/aleo-oracle-encoding v1.1.0 h1:sCibecs0zfGaQl1edeQNrseuJ4vp+MWf9UP8xlAT09o=
github.com/venture23-aleo/aleo-oracle-encoding v1.1.0/go.mod h1:2odvBwFkDCBy2vcpYHa+0qJQiLzKXdineeRX6IfA58U=
github.com/venture23-aleo/aleo-utils-go v1.2.0 h1:vLYPxt0f+E+ICkdFxEIC/QwAjSuHWUWTSMO3OwNuJ3Y=
github.com/venture23-aleo/aleo-utils-go v1.2.0/go.mod h1:p+CGO3fJs8MhzTYVQPqmK4L4wtfBeYhAPF7Z8GYKG5w=
github.com/venture23-aleo/aleo-utils-go v1.3.0 h1:88HJJRb3g+A/SUzH06ox07nzHHHBGxzz78YZHV6uXHs=
github.com/venture23-aleo/aleo-utils-go v1.3.0/go.mod h1:p+CGO3fJs8MhzTYVQPqmK4L4wtfBeYhAPF7Z8GYKG5w=
github.com/x448/float16 v0.8.4 h1:qLwI1I70+NjRFUR3zs1JPUCgaCXSh3SW62uAKT1mSBM=
github.com/x448/float16 v0.8.4/go.mod h1:14CWIYCyZA/cWjXOioeEpHeN/83MdbZDRQHoFcYsOfg=
golang.org/x/crypto v0.33.0 h1:IOBPskki6Lysi0lo9qQvbxiQ+FvsCC/YWOecCHAixus=
golang.org/x/crypto v0.33.0/go.mod h1:bVdXmD7IV/4GdElGPozy6U7lWdRXA4qyRVGJV57uQ5M=
gopkg.in/yaml.v3 v3.0.1 h1:fxVm/GzAzEWqLHuvctI91KS9hhNmmWOoWu0XTYJS7CA=
gopkg.in/yaml.v3 v3.0.1/go.mod h1:K4uyk7z7BCEPqu6E+C64Yfv1cQ7kz7rIZviUmN+EgEM=
